
Microsoft Visual Studio Solution File, Format Version 12.00
# Visual Studio Version 17
VisualStudioVersion = 17.7.34031.279
MinimumVisualStudioVersion = 10.0.40219.1
Project("{FAE04EC0-301F-11D3-BF4B-00C04F79EFBC}") = "SimilarRest", "SimilarRest.csproj", "{C8B86A87-6EB0-427C-B12E-C01631B7E01A}"
EndProject
Global
	GlobalSection(SolutionConfigurationPlatforms) = preSolution
		Debug|Any CPU = Debug|Any CPU
		Release|Any CPU = Release|Any CPU
	EndGlobalSection
	GlobalSection(ProjectConfigurationPlatforms) = postSolution
		{C8B86A87-6EB0-427C-B12E-C01631B7E01A}.Debug|Any CPU.ActiveCfg = Debug|Any CPU
		{C8B86A87-6EB0-427C-B12E-C01631B7E01A}.Debug|Any CPU.Build.0 = Debug|Any CPU
		{C8B86A87-6EB0-427C-B12E-C01631B7E01A}.Release|Any CPU.ActiveCfg = Release|Any CPU
		{C8B86A87-6EB0-427C-B12E-C01631B7E01A}.Release|Any CPU.Build.0 = Release|Any CPU
	EndGlobalSection
	GlobalSection(SolutionProperties) = preSolution
		HideSolutionNode = FALSE
	EndGlobalSection
	GlobalSection(ExtensibilityGlobals) = postSolution
		SolutionGuid = {F72EC73F-CC27-4438-8790-AB6811074DF6}
	EndGlobalSection
EndGlobal
